
Microsoft Visual Studio Solution File, Format Version 12.00
# Visual Studio Version 17
VisualStudioVersion = 17.7.34221.43
MinimumVisualStudioVersion = 10.0.40219.1
Project("{FAE04EC0-301F-11D3-BF4B-00C04F79EFBC}") = "FlightDocs_System", "FlightDocs_System\FlightDocs_System.csproj", "{62BD6FC3-4091-431D-8759-63A42ABC97FC}"
EndProject
Global
	GlobalSection(SolutionConfigurationPlatforms) = preSolution
		Debug|Any CPU = Debug|Any CPU
		Release|Any CPU = Release|Any CPU
	EndGlobalSection
	GlobalSection(ProjectConfigurationPlatforms) = postSolution
		{62BD6FC3-4091-431D-8759-63A42ABC97FC}.Debug|Any CPU.ActiveCfg = Debug|Any CPU
		{62BD6FC3-4091-431D-8759-63A42ABC97FC}.Debug|Any CPU.Build.0 = Debug|Any CPU
		{62BD6FC3-4091-431D-8759-63A42ABC97FC}.Release|Any CPU.ActiveCfg = Release|Any CPU
		{62BD6FC3-4091-431D-8759-63A42ABC97FC}.Release|Any CPU.Build.0 = Release|Any CPU
	EndGlobalSection
	GlobalSection(SolutionProperties) = preSolution
		HideSolutionNode = FALSE
	EndGlobalSection
	GlobalSection(ExtensibilityGlobals) = postSolution
		SolutionGuid = {79460C0F-05D3-4650-A492-0CFCA787952D}
	EndGlobalSection
EndGlobal
